
Microsoft Visual Studio Solution File, Format Version 12.00
# Visual Studio Version 17
VisualStudioVersion = 17.2.32630.192
MinimumVisualStudioVersion = 10.0.40219.1
Project("{9A19103F-16F7-4668-BE54-9A1E7A4F7556}") = "Task8.1.4", "Task8.1.4\Task8.1.4.csproj", "{C95E6EF1-5AE7-4ED3-BBBF-E305655F0C81}"
EndProject
Project("{9A19103F-16F7-4668-BE54-9A1E7A4F7556}") = "Task8.1.5", "Task8.1.5\Task8.1.5.csproj", "{B0B1E821-F8CB-474C-8A61-4C85312A155E}"
EndProject
Project("{FAE04EC0-301F-11D3-BF4B-00C04F79EFBC}") = "Task8.2.1", "Task8.2.1\Task8.2.1.csproj", "{23295D31-785F-48A8-91DC-6A55E904B4A5}"
EndProject
Project("{FAE04EC0-301F-11D3-BF4B-00C04F79EFBC}") = "Task 8.2.2", "Task 8.2.2\Task 8.2.2.csproj", "{1A77A6D3-EDC7-4AC8-BF08-2CBC3B675762}"
EndProject
Project("{FAE04EC0-301F-11D3-BF4B-00C04F79EFBC}") = "Task8.2.3", "Task8.2.3\Task8.2.3.csproj", "{A841B1E0-6748-4ADB-A1EA-171264BB8E27}"
EndProject
Project("{FAE04EC0-301F-11D3-BF4B-00C04F79EFBC}") = "Task8.2.4", "Task8.2.4\Task8.2.4.csproj", "{E2EA496A-9DD2-4EE5-A258-14048727CEB0}"
EndProject
Global
	GlobalSection(SolutionConfigurationPlatforms) = preSolution
		Debug|Any CPU = Debug|Any CPU
		Release|Any CPU = Release|Any CPU
	EndGlobalSection
	GlobalSection(ProjectConfigurationPlatforms) = postSolution
		{C95E6EF1-5AE7-4ED3-BBBF-E305655F0C81}.Debug|Any CPU.ActiveCfg = Debug|Any CPU
		{C95E6EF1-5AE7-4ED3-BBBF-E305655F0C81}.Debug|Any CPU.Build.0 = Debug|Any CPU
		{C95E6EF1-5AE7-4ED3-BBBF-E305655F0C81}.Release|Any CPU.ActiveCfg = Release|Any CPU
		{C95E6EF1-5AE7-4ED3-BBBF-E305655F0C81}.Release|Any CPU.Build.0 = Release|Any CPU
		{B0B1E821-F8CB-474C-8A61-4C85312A155E}.Debug|Any CPU.ActiveCfg = Debug|Any CPU
		{B0B1E821-F8CB-474C-8A61-4C85312A155E}.Debug|Any CPU.Build.0 = Debug|Any CPU
		{B0B1E821-F8CB-474C-8A61-4C85312A155E}.Release|Any CPU.ActiveCfg = Release|Any CPU
		{B0B1E821-F8CB-474C-8A61-4C85312A155E}.Release|Any CPU.Build.0 = Release|Any CPU
		{23295D31-785F-48A8-91DC-6A55E904B4A5}.Debug|Any CPU.ActiveCfg = Debug|Any CPU
		{23295D31-785F-48A8-91DC-6A55E904B4A5}.Debug|Any CPU.Build.0 = Debug|Any CPU
		{23295D31-785F-48A8-91DC-6A55E904B4A5}.Release|Any CPU.ActiveCfg = Release|Any CPU
		{23295D31-785F-48A8-91DC-6A55E904B4A5}.Release|Any CPU.Build.0 = Release|Any CPU
		{1A77A6D3-EDC7-4AC8-BF08-2CBC3B675762}.Debug|Any CPU.ActiveCfg = Debug|Any CPU
		{1A77A6D3-EDC7-4AC8-BF08-2CBC3B675762}.Debug|Any CPU.Build.0 = Debug|Any CPU
		{1A77A6D3-EDC7-4AC8-BF08-2CBC3B675762}.Release|Any CPU.ActiveCfg = Release|Any CPU
		{1A77A6D3-EDC7-4AC8-BF08-2CBC3B675762}.Release|Any CPU.Build.0 = Release|Any CPU
		{A841B1E0-6748-4ADB-A1EA-171264BB8E27}.Debug|Any CPU.ActiveCfg = Debug|Any CPU
		{A841B1E0-6748-4ADB-A1EA-171264BB8E27}.Debug|Any CPU.Build.0 = Debug|Any CPU
		{A841B1E0-6748-4ADB-A1EA-171264BB8E27}.Release|Any CPU.ActiveCfg = Release|Any CPU
		{A841B1E0-6748-4ADB-A1EA-171264BB8E27}.Release|Any CPU.Build.0 = Release|Any CPU
		{E2EA496A-9DD2-4EE5-A258-14048727CEB0}.Debug|Any CPU.ActiveCfg = Debug|Any CPU
		{E2EA496A-9DD2-4EE5-A258-14048727CEB0}.Debug|Any CPU.Build.0 = Debug|Any CPU
		{E2EA496A-9DD2-4EE5-A258-14048727CEB0}.Release|Any CPU.ActiveCfg = Release|Any CPU
		{E2EA496A-9DD2-4EE5-A258-14048727CEB0}.Release|Any CPU.Build.0 = Release|Any CPU
	EndGlobalSection
	GlobalSection(SolutionProperties) = preSolution
		HideSolutionNode = FALSE
	EndGlobalSection
	GlobalSection(ExtensibilityGlobals) = postSolution
		SolutionGuid = {DB009E26-02CE-4FD3-97FC-25B0588F0B30}
	EndGlobalSection
EndGlobal
